
Microsoft Visual Studio Solution File, Format Version 12.00
# Visual Studio Version 17
VisualStudioVersion = 17.13.35818.85
MinimumVisualStudioVersion = 10.0.40219.1
Project("{FAE04EC0-301F-11D3-BF4B-00C04F79EFBC}") = "BookPub", "BookPub\BookPub.csproj", "{35A0E044-65F2-42C6-9654-1A5BDC5BECA5}"
EndProject
Project("{FAE04EC0-301F-11D3-BF4B-00C04F79EFBC}") = "BookPubDB", "BookPubDB\BookPubDB.csproj", "{2BBD0B2E-D30F-4279-9E27-41C1C48FEEDF}"
EndProject
Project("{FAE04EC0-301F-11D3-BF4B-00C04F79EFBC}") = "Utils", "Utils\Utils.csproj", "{D0873FC0-DFBC-4E73-86FB-4522DBA489A8}"
EndProject
Global
	GlobalSection(SolutionConfigurationPlatforms) = preSolution
		Debug|Any CPU = Debug|Any CPU
		Release|Any CPU = Release|Any CPU
	EndGlobalSection
	GlobalSection(ProjectConfigurationPlatforms) = postSolution
		{35A0E044-65F2-42C6-9654-1A5BDC5BECA5}.Debug|Any CPU.ActiveCfg = Debug|Any CPU
		{35A0E044-65F2-42C6-9654-1A5BDC5BECA5}.Debug|Any CPU.Build.0 = Debug|Any CPU
		{35A0E044-65F2-42C6-9654-1A5BDC5BECA5}.Release|Any CPU.ActiveCfg = Release|Any CPU
		{35A0E044-65F2-42C6-9654-1A5BDC5BECA5}.Release|Any CPU.Build.0 = Release|Any CPU
		{2BBD0B2E-D30F-4279-9E27-41C1C48FEEDF}.Debug|Any CPU.ActiveCfg = Debug|Any CPU
		{2BBD0B2E-D30F-4279-9E27-41C1C48FEEDF}.Debug|Any CPU.Build.0 = Debug|Any CPU
		{2BBD0B2E-D30F-4279-9E27-41C1C48FEEDF}.Release|Any CPU.ActiveCfg = Release|Any CPU
		{2BBD0B2E-D30F-4279-9E27-41C1C48FEEDF}.Release|Any CPU.Build.0 = Release|Any CPU
		{D0873FC0-DFBC-4E73-86FB-4522DBA489A8}.Debug|Any CPU.ActiveCfg = Debug|Any CPU
		{D0873FC0-DFBC-4E73-86FB-4522DBA489A8}.Debug|Any CPU.Build.0 = Debug|Any CPU
		{D0873FC0-DFBC-4E73-86FB-4522DBA489A8}.Release|Any CPU.ActiveCfg = Release|Any CPU
		{D0873FC0-DFBC-4E73-86FB-4522DBA489A8}.Release|Any CPU.Build.0 = Release|Any CPU
	EndGlobalSection
	GlobalSection(SolutionProperties) = preSolution
		HideSolutionNode = FALSE
	EndGlobalSection
	GlobalSection(ExtensibilityGlobals) = postSolution
		SolutionGuid = {71FFC27F-75B2-4A10-8713-C54A1C88971A}
	EndGlobalSection
EndGlobal
